<?xml version="1.0" encoding="utf-8"?>
<Project ToolsVersion="4.0" xmlns="http://schemas.microsoft.com/developer/msbuild/2003">
  <ItemGroup>
    <Filter Include="hid">
      <UniqueIdentifier>{3A7B880B-A684-887C-2F00-9F7C9B08947C}</UniqueIdentifier>
    </Filter>
    <Filter Include="hid\Windows">
      <UniqueIdentifier>{74BF12C8-E074-8BBD-6969-8594D51D82C1}</UniqueIdentifier>
    </Filter>
    <Filter Include="renderer">
      <UniqueIdentifier>{9C6AA017-8837-FB22-B150-E9CA9D7C30B1}</UniqueIdentifier>
    </Filter>
    <Filter Include="renderer\vk">
      <UniqueIdentifier>{AC8C16AE-1842-8FA3-A136-897A0DEB85A7}</UniqueIdentifier>
    </Filter>
  </ItemGroup>
  <ItemGroup>
    <ClInclude Include="src\hid\Window.h">
      <Filter>hid</Filter>
    </ClInclude>
    <ClInclude Include="src\hid\Windows\WindowsWindow.h">
      <Filter>hid\Windows</Filter>
    </ClInclude>
    <ClInclude Include="src\pch.h" />
    <ClInclude Include="src\renderer\Renderer.h">
      <Filter>renderer</Filter>
    </ClInclude>
    <ClInclude Include="src\renderer\vk\Buffer.h">
      <Filter>renderer\vk</Filter>
    </ClInclude>
    <ClInclude Include="src\renderer\vk\Image.h">
      <Filter>renderer\vk</Filter>
    </ClInclude>
    <ClInclude Include="src\renderer\vk\Init.h">
      <Filter>renderer\vk</Filter>
    </ClInclude>
    <ClInclude Include="src\renderer\vk\Mesh.h">
      <Filter>renderer\vk</Filter>
    </ClInclude>
    <ClInclude Include="src\renderer\vk\Shader.h">
      <Filter>renderer\vk</Filter>
    </ClInclude>
    <ClInclude Include="src\renderer\vk\Swapchain.h">
      <Filter>renderer\vk</Filter>
    </ClInclude>
    <ClInclude Include="src\renderer\vk\Texture.h">
      <Filter>renderer\vk</Filter>
    </ClInclude>
    <ClInclude Include="src\renderer\vk\Types.h">
      <Filter>renderer\vk</Filter>
    </ClInclude>
    <ClInclude Include="src\renderer\vk\ValidationLayers.h">
      <Filter>renderer\vk</Filter>
    </ClInclude>
    <ClInclude Include="src\renderer\vk\VulkanRenderer.h">
      <Filter>renderer\vk</Filter>
    </ClInclude>
  </ItemGroup>
  <ItemGroup>
    <ClCompile Include="src\hid\Windows\WindowsWindow.cpp">
      <Filter>hid\Windows</Filter>
    </ClCompile>
    <ClCompile Include="src\pch.cpp" />
    <ClCompile Include="src\renderer\vk\Buffer.cpp">
      <Filter>renderer\vk</Filter>
    </ClCompile>
    <ClCompile Include="src\renderer\vk\Image.cpp">
      <Filter>renderer\vk</Filter>
    </ClCompile>
    <ClCompile Include="src\renderer\vk\Init.cpp">
      <Filter>renderer\vk</Filter>
    </ClCompile>
    <ClCompile Include="src\renderer\vk\Mesh.cpp">
      <Filter>renderer\vk</Filter>
    </ClCompile>
    <ClCompile Include="src\renderer\vk\Shader.cpp">
      <Filter>renderer\vk</Filter>
    </ClCompile>
    <ClCompile Include="src\renderer\vk\Swapchain.cpp">
      <Filter>renderer\vk</Filter>
    </ClCompile>
    <ClCompile Include="src\renderer\vk\Texture.cpp">
      <Filter>renderer\vk</Filter>
    </ClCompile>
    <ClCompile Include="src\renderer\vk\ValidationLayers.cpp">
      <Filter>renderer\vk</Filter>
    </ClCompile>
    <ClCompile Include="src\renderer\vk\VulkanRenderer.cpp">
      <Filter>renderer\vk</Filter>
    </ClCompile>
  </ItemGroup>
</Project>