<?xml version="1.0" encoding="utf-8"?>
<Project ToolsVersion="4.0" xmlns="http://schemas.microsoft.com/developer/msbuild/2003">
  <ItemGroup>
    <Filter Include="core">
      <UniqueIdentifier>{4E40957C-3A77-960D-E363-7C10CF79120F}</UniqueIdentifier>
    </Filter>
    <Filter Include="ecs">
      <UniqueIdentifier>{C06D880B-2C77-887C-B5F2-9E7C21FB937C}</UniqueIdentifier>
    </Filter>
    <Filter Include="hid">
      <UniqueIdentifier>{3A7B880B-A684-887C-2F00-9F7C9B08947C}</UniqueIdentifier>
    </Filter>
    <Filter Include="hid\win32">
      <UniqueIdentifier>{BCC6B1B3-2831-662A-716F-17D0DD18447F}</UniqueIdentifier>
    </Filter>
    <Filter Include="renderer">
      <UniqueIdentifier>{9C6AA017-8837-FB22-B150-E9CA9D7C30B1}</UniqueIdentifier>
    </Filter>
    <Filter Include="renderer\vk">
      <UniqueIdentifier>{AC8C16AE-1842-8FA3-A136-897A0DEB85A7}</UniqueIdentifier>
    </Filter>
  </ItemGroup>
  <ItemGroup>
    <ClInclude Include="src\core\Application.h">
      <Filter>core</Filter>
    </ClInclude>
    <ClInclude Include="src\core\EntryPoint.h">
      <Filter>core</Filter>
    </ClInclude>
    <ClInclude Include="src\core\Platform.h">
      <Filter>core</Filter>
    </ClInclude>
    <ClInclude Include="src\ecs\Components.h">
      <Filter>ecs</Filter>
    </ClInclude>
    <ClInclude Include="src\ecs\Entity.h">
      <Filter>ecs</Filter>
    </ClInclude>
    <ClInclude Include="src\hid\Input.h">
      <Filter>hid</Filter>
    </ClInclude>
    <ClInclude Include="src\hid\Window.h">
      <Filter>hid</Filter>
    </ClInclude>
    <ClInclude Include="src\hid\win32\Win32Window.h">
      <Filter>hid\win32</Filter>
    </ClInclude>
    <ClInclude Include="src\pch.h" />
    <ClInclude Include="src\renderer\Renderer.h">
      <Filter>renderer</Filter>
    </ClInclude>
    <ClInclude Include="src\renderer\vk\VulkanBuffer.h">
      <Filter>renderer\vk</Filter>
    </ClInclude>
    <ClInclude Include="src\renderer\vk\VulkanImage.h">
      <Filter>renderer\vk</Filter>
    </ClInclude>
    <ClInclude Include="src\renderer\vk\VulkanInit.h">
      <Filter>renderer\vk</Filter>
    </ClInclude>
    <ClInclude Include="src\renderer\vk\VulkanMesh.h">
      <Filter>renderer\vk</Filter>
    </ClInclude>
    <ClInclude Include="src\renderer\vk\VulkanRenderer.h">
      <Filter>renderer\vk</Filter>
    </ClInclude>
    <ClInclude Include="src\renderer\vk\VulkanShader.h">
      <Filter>renderer\vk</Filter>
    </ClInclude>
    <ClInclude Include="src\renderer\vk\VulkanSwapchain.h">
      <Filter>renderer\vk</Filter>
    </ClInclude>
    <ClInclude Include="src\renderer\vk\VulkanTexture.h">
      <Filter>renderer\vk</Filter>
    </ClInclude>
    <ClInclude Include="src\renderer\vk\VulkanTypes.h">
      <Filter>renderer\vk</Filter>
    </ClInclude>
    <ClInclude Include="src\renderer\vk\VulkanValidationLayers.h">
      <Filter>renderer\vk</Filter>
    </ClInclude>
    <ClInclude Include="src\ecs\Scene.h" />
    <ClInclude Include="src\ecs\ComponentArray.h" />
  </ItemGroup>
  <ItemGroup>
    <ClCompile Include="src\core\Application.cpp">
      <Filter>core</Filter>
    </ClCompile>
    <ClCompile Include="src\hid\win32\Win32Window.cpp">
      <Filter>hid\win32</Filter>
    </ClCompile>
    <ClCompile Include="src\pch.cpp" />
    <ClCompile Include="src\renderer\vk\VulkanBuffer.cpp">
      <Filter>renderer\vk</Filter>
    </ClCompile>
    <ClCompile Include="src\renderer\vk\VulkanImage.cpp">
      <Filter>renderer\vk</Filter>
    </ClCompile>
    <ClCompile Include="src\renderer\vk\VulkanInit.cpp">
      <Filter>renderer\vk</Filter>
    </ClCompile>
    <ClCompile Include="src\renderer\vk\VulkanMesh.cpp">
      <Filter>renderer\vk</Filter>
    </ClCompile>
    <ClCompile Include="src\renderer\vk\VulkanRenderer.cpp">
      <Filter>renderer\vk</Filter>
    </ClCompile>
    <ClCompile Include="src\renderer\vk\VulkanShader.cpp">
      <Filter>renderer\vk</Filter>
    </ClCompile>
    <ClCompile Include="src\renderer\vk\VulkanSwapchain.cpp">
      <Filter>renderer\vk</Filter>
    </ClCompile>
    <ClCompile Include="src\renderer\vk\VulkanTexture.cpp">
      <Filter>renderer\vk</Filter>
    </ClCompile>
    <ClCompile Include="src\renderer\vk\VulkanValidationLayers.cpp">
      <Filter>renderer\vk</Filter>
    </ClCompile>
    <ClCompile Include="src\ecs\Scene.cpp" />
  </ItemGroup>
</Project>